
Microsoft Visual Studio Solution File, Format Version 11.00
# Visual Studio 2010
Project("{FAE04EC0-301F-11D3-BF4B-00C04F79EFBC}") = "DecoratorTest", "DecoratorTest.csproj", "{19F3E03D-F3CA-4761-8D2B-D8C77852051E}"
EndProject
Project("{FAE04EC0-301F-11D3-BF4B-00C04F79EFBC}") = "BuilderTest", "..\BuilderTest\BuilderTest.csproj", "{65CA1944-C04F-4947-91AB-7A2684E19A82}"
EndProject
Project("{FAE04EC0-301F-11D3-BF4B-00C04F79EFBC}") = "Builder2", "Builder2\Builder2.csproj", "{B655192A-ED19-4554-9F4D-15CFB96E2803}"
EndProject
Project("{FAE04EC0-301F-11D3-BF4B-00C04F79EFBC}") = "ProgressiveBuilder", "..\ProgressiveBuilder\ProgressiveBuilder.csproj", "{B6627300-990F-4ABC-BDBA-6BBC185AB08C}"
EndProject
Project("{FAE04EC0-301F-11D3-BF4B-00C04F79EFBC}") = "RepositoriesAreEvil", "..\RepositoriesAreEvil\RepositoriesAreEvil.csproj", "{FC2D16C0-3874-4A76-BDF1-2303A117FCDC}"
EndProject
Project("{FAE04EC0-301F-11D3-BF4B-00C04F79EFBC}") = "ConditionalBuilder", "..\ConditionalBuilder\ConditionalBuilder.csproj", "{73F0F103-B5C9-46F9-B040-C69D2A58B500}"
EndProject
Global
	GlobalSection(SolutionConfigurationPlatforms) = preSolution
		AutomatedRelease|Any CPU = AutomatedRelease|Any CPU
		AutomatedRelease|Mixed Platforms = AutomatedRelease|Mixed Platforms
		AutomatedRelease|x86 = AutomatedRelease|x86
		Debug|Any CPU = Debug|Any CPU
		Debug|Mixed Platforms = Debug|Mixed Platforms
		Debug|x86 = Debug|x86
		Release|Any CPU = Release|Any CPU
		Release|Mixed Platforms = Release|Mixed Platforms
		Release|x86 = Release|x86
	EndGlobalSection
	GlobalSection(ProjectConfigurationPlatforms) = postSolution
		{19F3E03D-F3CA-4761-8D2B-D8C77852051E}.AutomatedRelease|Any CPU.ActiveCfg = Release|x86
		{19F3E03D-F3CA-4761-8D2B-D8C77852051E}.AutomatedRelease|Mixed Platforms.ActiveCfg = Release|x86
		{19F3E03D-F3CA-4761-8D2B-D8C77852051E}.AutomatedRelease|Mixed Platforms.Build.0 = Release|x86
		{19F3E03D-F3CA-4761-8D2B-D8C77852051E}.AutomatedRelease|x86.ActiveCfg = Release|x86
		{19F3E03D-F3CA-4761-8D2B-D8C77852051E}.AutomatedRelease|x86.Build.0 = Release|x86
		{19F3E03D-F3CA-4761-8D2B-D8C77852051E}.Debug|Any CPU.ActiveCfg = Debug|x86
		{19F3E03D-F3CA-4761-8D2B-D8C77852051E}.Debug|Mixed Platforms.ActiveCfg = Debug|x86
		{19F3E03D-F3CA-4761-8D2B-D8C77852051E}.Debug|Mixed Platforms.Build.0 = Debug|x86
		{19F3E03D-F3CA-4761-8D2B-D8C77852051E}.Debug|x86.ActiveCfg = Debug|x86
		{19F3E03D-F3CA-4761-8D2B-D8C77852051E}.Debug|x86.Build.0 = Debug|x86
		{19F3E03D-F3CA-4761-8D2B-D8C77852051E}.Release|Any CPU.ActiveCfg = Release|x86
		{19F3E03D-F3CA-4761-8D2B-D8C77852051E}.Release|Mixed Platforms.ActiveCfg = Release|x86
		{19F3E03D-F3CA-4761-8D2B-D8C77852051E}.Release|Mixed Platforms.Build.0 = Release|x86
		{19F3E03D-F3CA-4761-8D2B-D8C77852051E}.Release|x86.ActiveCfg = Release|x86
		{19F3E03D-F3CA-4761-8D2B-D8C77852051E}.Release|x86.Build.0 = Release|x86
		{65CA1944-C04F-4947-91AB-7A2684E19A82}.AutomatedRelease|Any CPU.ActiveCfg = Release|x86
		{65CA1944-C04F-4947-91AB-7A2684E19A82}.AutomatedRelease|Mixed Platforms.ActiveCfg = Release|x86
		{65CA1944-C04F-4947-91AB-7A2684E19A82}.AutomatedRelease|Mixed Platforms.Build.0 = Release|x86
		{65CA1944-C04F-4947-91AB-7A2684E19A82}.AutomatedRelease|x86.ActiveCfg = Release|x86
		{65CA1944-C04F-4947-91AB-7A2684E19A82}.AutomatedRelease|x86.Build.0 = Release|x86
		{65CA1944-C04F-4947-91AB-7A2684E19A82}.Debug|Any CPU.ActiveCfg = Debug|x86
		{65CA1944-C04F-4947-91AB-7A2684E19A82}.Debug|Mixed Platforms.ActiveCfg = Debug|x86
		{65CA1944-C04F-4947-91AB-7A2684E19A82}.Debug|Mixed Platforms.Build.0 = Debug|x86
		{65CA1944-C04F-4947-91AB-7A2684E19A82}.Debug|x86.ActiveCfg = Debug|x86
		{65CA1944-C04F-4947-91AB-7A2684E19A82}.Debug|x86.Build.0 = Debug|x86
		{65CA1944-C04F-4947-91AB-7A2684E19A82}.Release|Any CPU.ActiveCfg = Release|x86
		{65CA1944-C04F-4947-91AB-7A2684E19A82}.Release|Mixed Platforms.ActiveCfg = Release|x86
		{65CA1944-C04F-4947-91AB-7A2684E19A82}.Release|Mixed Platforms.Build.0 = Release|x86
		{65CA1944-C04F-4947-91AB-7A2684E19A82}.Release|x86.ActiveCfg = Release|x86
		{65CA1944-C04F-4947-91AB-7A2684E19A82}.Release|x86.Build.0 = Release|x86
		{B655192A-ED19-4554-9F4D-15CFB96E2803}.AutomatedRelease|Any CPU.ActiveCfg = Release|x86
		{B655192A-ED19-4554-9F4D-15CFB96E2803}.AutomatedRelease|Mixed Platforms.ActiveCfg = Release|x86
		{B655192A-ED19-4554-9F4D-15CFB96E2803}.AutomatedRelease|Mixed Platforms.Build.0 = Release|x86
		{B655192A-ED19-4554-9F4D-15CFB96E2803}.AutomatedRelease|x86.ActiveCfg = Release|x86
		{B655192A-ED19-4554-9F4D-15CFB96E2803}.AutomatedRelease|x86.Build.0 = Release|x86
		{B655192A-ED19-4554-9F4D-15CFB96E2803}.Debug|Any CPU.ActiveCfg = Debug|x86
		{B655192A-ED19-4554-9F4D-15CFB96E2803}.Debug|Mixed Platforms.ActiveCfg = Debug|x86
		{B655192A-ED19-4554-9F4D-15CFB96E2803}.Debug|Mixed Platforms.Build.0 = Debug|x86
		{B655192A-ED19-4554-9F4D-15CFB96E2803}.Debug|x86.ActiveCfg = Debug|x86
		{B655192A-ED19-4554-9F4D-15CFB96E2803}.Debug|x86.Build.0 = Debug|x86
		{B655192A-ED19-4554-9F4D-15CFB96E2803}.Release|Any CPU.ActiveCfg = Release|x86
		{B655192A-ED19-4554-9F4D-15CFB96E2803}.Release|Mixed Platforms.ActiveCfg = Release|x86
		{B655192A-ED19-4554-9F4D-15CFB96E2803}.Release|Mixed Platforms.Build.0 = Release|x86
		{B655192A-ED19-4554-9F4D-15CFB96E2803}.Release|x86.ActiveCfg = Release|x86
		{B655192A-ED19-4554-9F4D-15CFB96E2803}.Release|x86.Build.0 = Release|x86
		{B6627300-990F-4ABC-BDBA-6BBC185AB08C}.AutomatedRelease|Any CPU.ActiveCfg = Release|x86
		{B6627300-990F-4ABC-BDBA-6BBC185AB08C}.AutomatedRelease|Mixed Platforms.ActiveCfg = Release|x86
		{B6627300-990F-4ABC-BDBA-6BBC185AB08C}.AutomatedRelease|Mixed Platforms.Build.0 = Release|x86
		{B6627300-990F-4ABC-BDBA-6BBC185AB08C}.AutomatedRelease|x86.ActiveCfg = Release|x86
		{B6627300-990F-4ABC-BDBA-6BBC185AB08C}.AutomatedRelease|x86.Build.0 = Release|x86
		{B6627300-990F-4ABC-BDBA-6BBC185AB08C}.Debug|Any CPU.ActiveCfg = Debug|x86
		{B6627300-990F-4ABC-BDBA-6BBC185AB08C}.Debug|Mixed Platforms.ActiveCfg = Debug|x86
		{B6627300-990F-4ABC-BDBA-6BBC185AB08C}.Debug|Mixed Platforms.Build.0 = Debug|x86
		{B6627300-990F-4ABC-BDBA-6BBC185AB08C}.Debug|x86.ActiveCfg = Debug|x86
		{B6627300-990F-4ABC-BDBA-6BBC185AB08C}.Debug|x86.Build.0 = Debug|x86
		{B6627300-990F-4ABC-BDBA-6BBC185AB08C}.Release|Any CPU.ActiveCfg = Release|x86
		{B6627300-990F-4ABC-BDBA-6BBC185AB08C}.Release|Mixed Platforms.ActiveCfg = Release|x86
		{B6627300-990F-4ABC-BDBA-6BBC185AB08C}.Release|Mixed Platforms.Build.0 = Release|x86
		{B6627300-990F-4ABC-BDBA-6BBC185AB08C}.Release|x86.ActiveCfg = Release|x86
		{B6627300-990F-4ABC-BDBA-6BBC185AB08C}.Release|x86.Build.0 = Release|x86
		{FC2D16C0-3874-4A76-BDF1-2303A117FCDC}.AutomatedRelease|Any CPU.ActiveCfg = Release|x86
		{FC2D16C0-3874-4A76-BDF1-2303A117FCDC}.AutomatedRelease|Mixed Platforms.ActiveCfg = Release|x86
		{FC2D16C0-3874-4A76-BDF1-2303A117FCDC}.AutomatedRelease|Mixed Platforms.Build.0 = Release|x86
		{FC2D16C0-3874-4A76-BDF1-2303A117FCDC}.AutomatedRelease|x86.ActiveCfg = Release|x86
		{FC2D16C0-3874-4A76-BDF1-2303A117FCDC}.AutomatedRelease|x86.Build.0 = Release|x86
		{FC2D16C0-3874-4A76-BDF1-2303A117FCDC}.Debug|Any CPU.ActiveCfg = Debug|x86
		{FC2D16C0-3874-4A76-BDF1-2303A117FCDC}.Debug|Mixed Platforms.ActiveCfg = Debug|x86
		{FC2D16C0-3874-4A76-BDF1-2303A117FCDC}.Debug|Mixed Platforms.Build.0 = Debug|x86
		{FC2D16C0-3874-4A76-BDF1-2303A117FCDC}.Debug|x86.ActiveCfg = Debug|x86
		{FC2D16C0-3874-4A76-BDF1-2303A117FCDC}.Debug|x86.Build.0 = Debug|x86
		{FC2D16C0-3874-4A76-BDF1-2303A117FCDC}.Release|Any CPU.ActiveCfg = Release|x86
		{FC2D16C0-3874-4A76-BDF1-2303A117FCDC}.Release|Mixed Platforms.ActiveCfg = Release|x86
		{FC2D16C0-3874-4A76-BDF1-2303A117FCDC}.Release|Mixed Platforms.Build.0 = Release|x86
		{FC2D16C0-3874-4A76-BDF1-2303A117FCDC}.Release|x86.ActiveCfg = Release|x86
		{FC2D16C0-3874-4A76-BDF1-2303A117FCDC}.Release|x86.Build.0 = Release|x86
		{73F0F103-B5C9-46F9-B040-C69D2A58B500}.AutomatedRelease|Any CPU.ActiveCfg = Release|x86
		{73F0F103-B5C9-46F9-B040-C69D2A58B500}.AutomatedRelease|Mixed Platforms.ActiveCfg = Release|x86
		{73F0F103-B5C9-46F9-B040-C69D2A58B500}.AutomatedRelease|Mixed Platforms.Build.0 = Release|x86
		{73F0F103-B5C9-46F9-B040-C69D2A58B500}.AutomatedRelease|x86.ActiveCfg = Release|x86
		{73F0F103-B5C9-46F9-B040-C69D2A58B500}.AutomatedRelease|x86.Build.0 = Release|x86
		{73F0F103-B5C9-46F9-B040-C69D2A58B500}.Debug|Any CPU.ActiveCfg = Debug|x86
		{73F0F103-B5C9-46F9-B040-C69D2A58B500}.Debug|Mixed Platforms.ActiveCfg = Debug|x86
		{73F0F103-B5C9-46F9-B040-C69D2A58B500}.Debug|Mixed Platforms.Build.0 = Debug|x86
		{73F0F103-B5C9-46F9-B040-C69D2A58B500}.Debug|x86.ActiveCfg = Debug|x86
		{73F0F103-B5C9-46F9-B040-C69D2A58B500}.Debug|x86.Build.0 = Debug|x86
		{73F0F103-B5C9-46F9-B040-C69D2A58B500}.Release|Any CPU.ActiveCfg = Release|x86
		{73F0F103-B5C9-46F9-B040-C69D2A58B500}.Release|Mixed Platforms.ActiveCfg = Release|x86
		{73F0F103-B5C9-46F9-B040-C69D2A58B500}.Release|Mixed Platforms.Build.0 = Release|x86
		{73F0F103-B5C9-46F9-B040-C69D2A58B500}.Release|x86.ActiveCfg = Release|x86
		{73F0F103-B5C9-46F9-B040-C69D2A58B500}.Release|x86.Build.0 = Release|x86
	EndGlobalSection
	GlobalSection(SolutionProperties) = preSolution
		HideSolutionNode = FALSE
	EndGlobalSection
EndGlobal
